dependencies:
- name: promtail
  repository: https://grafana.github.io/helm-charts
  version: 6.17.0
- name: grafana
  repository: https://grafana.github.io/helm-charts
  version: 10.1.0
digest: sha256:d8a8ceb18fe135e101251981c848329902baf5016b713de886e54fea19a509cc
generated: "2025-10-12T08:12:48.491611135Z"
